
Microsoft Visual Studio Solution File, Format Version 11.00
# Visual Studio 2010
Project("{E097FAD1-6243-4DAD-9C02-E9B9EFC3FFC1}") = "Assembly-CSharp-firstpass", "Assembly-CSharp-firstpass.csproj", "{40DE15DC-F270-896B-DC0D-88E82A5AA5D6}"
EndProject
Project("{E097FAD1-6243-4DAD-9C02-E9B9EFC3FFC1}") = "Assembly-CSharp", "Assembly-CSharp.csproj", "{CFE81D52-2ED5-D0CE-C3A5-65851A4AE861}"
EndProject
Project("{E097FAD1-6243-4DAD-9C02-E9B9EFC3FFC1}") = "Assembly-CSharp-Editor-firstpass", "Assembly-CSharp-Editor-firstpass.csproj", "{C06648F6-6C2E-FAB6-A4A4-28660C567492}"
EndProject
Global
	GlobalSection(SolutionConfigurationPlatforms) = preSolution
		Debug|Any CPU = Debug|Any CPU
		Release|Any CPU = Release|Any CPU
	EndGlobalSection
	GlobalSection(ProjectConfigurationPlatforms) = postSolution
		{40DE15DC-F270-896B-DC0D-88E82A5AA5D6}.Debug|Any CPU.ActiveCfg = Debug|Any CPU
		{40DE15DC-F270-896B-DC0D-88E82A5AA5D6}.Debug|Any CPU.Build.0 = Debug|Any CPU
		{40DE15DC-F270-896B-DC0D-88E82A5AA5D6}.Release|Any CPU.ActiveCfg = Release|Any CPU
		{40DE15DC-F270-896B-DC0D-88E82A5AA5D6}.Release|Any CPU.Build.0 = Release|Any CPU
		{CFE81D52-2ED5-D0CE-C3A5-65851A4AE861}.Debug|Any CPU.ActiveCfg = Debug|Any CPU
		{CFE81D52-2ED5-D0CE-C3A5-65851A4AE861}.Debug|Any CPU.Build.0 = Debug|Any CPU
		{CFE81D52-2ED5-D0CE-C3A5-65851A4AE861}.Release|Any CPU.ActiveCfg = Release|Any CPU
		{CFE81D52-2ED5-D0CE-C3A5-65851A4AE861}.Release|Any CPU.Build.0 = Release|Any CPU
		{C06648F6-6C2E-FAB6-A4A4-28660C567492}.Debug|Any CPU.ActiveCfg = Debug|Any CPU
		{C06648F6-6C2E-FAB6-A4A4-28660C567492}.Debug|Any CPU.Build.0 = Debug|Any CPU
		{C06648F6-6C2E-FAB6-A4A4-28660C567492}.Release|Any CPU.ActiveCfg = Release|Any CPU
		{C06648F6-6C2E-FAB6-A4A4-28660C567492}.Release|Any CPU.Build.0 = Release|Any CPU
	EndGlobalSection
	GlobalSection(SolutionProperties) = preSolution
		HideSolutionNode = FALSE
	EndGlobalSection
	GlobalSection(MonoDevelopProperties) = preSolution
		StartupItem = Assembly-CSharp.csproj
	EndGlobalSection
EndGlobal
